
Microsoft Visual Studio Solution File, Format Version 12.00
# Visual Studio Version 17
VisualStudioVersion = 17.14.37012.4 d17.14
MinimumVisualStudioVersion = 10.0.40219.1
Project("{FAE04EC0-301F-11D3-BF4B-00C04F79EFBC}") = "DIGITALEVALUATION", "DIGITALEVALUATION\DIGITALEVALUATION.csproj", "{659BC8AC-0882-4108-8F1D-35CFE61E7FE8}"
EndProject
Global
	GlobalSection(SolutionConfigurationPlatforms) = preSolution
		Debug|Any CPU = Debug|Any CPU
		Release|Any CPU = Release|Any CPU
	EndGlobalSection
	GlobalSection(ProjectConfigurationPlatforms) = postSolution
		{659BC8AC-0882-4108-8F1D-35CFE61E7FE8}.Debug|Any CPU.ActiveCfg = Debug|Any CPU
		{659BC8AC-0882-4108-8F1D-35CFE61E7FE8}.Debug|Any CPU.Build.0 = Debug|Any CPU
		{659BC8AC-0882-4108-8F1D-35CFE61E7FE8}.Release|Any CPU.ActiveCfg = Release|Any CPU
		{659BC8AC-0882-4108-8F1D-35CFE61E7FE8}.Release|Any CPU.Build.0 = Release|Any CPU
	EndGlobalSection
	GlobalSection(SolutionProperties) = preSolution
		HideSolutionNode = FALSE
	EndGlobalSection
	GlobalSection(ExtensibilityGlobals) = postSolution
		SolutionGuid = {ED4BD8BB-0647-4241-A51E-5E24CC9E3C0C}
	EndGlobalSection
EndGlobal
